
Microsoft Visual Studio Solution File, Format Version 12.00
# Visual Studio 15
VisualStudioVersion = 15.0.27703.2000
MinimumVisualStudioVersion = 10.0.40219.1
Project("{FAE04EC0-301F-11D3-BF4B-00C04F79EFBC}") = "3dPractice", "3dPractice\3dPractice.csproj", "{3EF2ACB4-A34C-460C-9FCD-619709F93771}"
EndProject
Global
	GlobalSection(SolutionConfigurationPlatforms) = preSolution
		Debug|Any CPU = Debug|Any CPU
		Release|Any CPU = Release|Any CPU
	EndGlobalSection
	GlobalSection(ProjectConfigurationPlatforms) = postSolution
		{3EF2ACB4-A34C-460C-9FCD-619709F93771}.Debug|Any CPU.ActiveCfg = Debug|Any CPU
		{3EF2ACB4-A34C-460C-9FCD-619709F93771}.Debug|Any CPU.Build.0 = Debug|Any CPU
		{3EF2ACB4-A34C-460C-9FCD-619709F93771}.Release|Any CPU.ActiveCfg = Release|Any CPU
		{3EF2ACB4-A34C-460C-9FCD-619709F93771}.Release|Any CPU.Build.0 = Release|Any CPU
	EndGlobalSection
	GlobalSection(SolutionProperties) = preSolution
		HideSolutionNode = FALSE
	EndGlobalSection
	GlobalSection(ExtensibilityGlobals) = postSolution
		SolutionGuid = {14A4A549-ECD9-4AD5-AFEE-98AE79354583}
	EndGlobalSection
EndGlobal
